<?xml version="1.0" encoding="utf-8"?>
<Project ToolsVersion="4.0" xmlns="http://schemas.microsoft.com/developer/msbuild/2003">
  <ItemGroup>
    <Filter Include="Source Files">
      <UniqueIdentifier>{4FC737F1-C7A5-4376-A066-2A32D752A2FF}</UniqueIdentifier>
      <Extensions>cpp;c;cc;cxx;def;odl;idl;hpj;bat;asm;asmx</Extensions>
    </Filter>
    <Filter Include="Header Files">
      <UniqueIdentifier>{93995380-89BD-4b04-88EB-625FBE52EBFB}</UniqueIdentifier>
      <Extensions>h;hh;hpp;hxx;hm;inl;inc;ipp;xsd</Extensions>
    </Filter>
    <Filter Include="Resource Files">
      <UniqueIdentifier>{67DA6AB6-F800-4c08-8B7A-83BB121AAD01}</UniqueIdentifier>
      <Extensions>rc;ico;cur;bmp;dlg;rc2;rct;bin;rgs;gif;jpg;jpeg;jpe;resx;tiff;tif;png;wav;mfcribbon-ms</Extensions>
    </Filter>
    <Filter Include="UI">
      <UniqueIdentifier>{c09cdc5b-c24a-46f4-85ca-3a16513c0d85}</UniqueIdentifier>
    </Filter>
    <Filter Include="UI\controls_ui">
      <UniqueIdentifier>{06f87f03-e5aa-4485-9ef5-3e4a6aa72720}</UniqueIdentifier>
    </Filter>
    <Filter Include="UI\content_ui">
      <UniqueIdentifier>{1ee98e02-034d-41a5-a986-e5ce0f01af73}</UniqueIdentifier>
    </Filter>
  </ItemGroup>
  <ItemGroup>
    <ClInclude Include="framework.h">
      <Filter>Header Files</Filter>
    </ClInclude>
    <ClInclude Include="targetver.h">
      <Filter>Header Files</Filter>
    </ClInclude>
    <ClInclude Include="Resource.h">
      <Filter>Header Files</Filter>
    </ClInclude>
    <ClInclude Include="WebViewBrowserApp.h">
      <Filter>Header Files</Filter>
    </ClInclude>
    <ClInclude Include="BrowserWindow.h">
      <Filter>Header Files</Filter>
    </ClInclude>
    <ClInclude Include="Tab.h">
      <Filter>Header Files</Filter>
    </ClInclude>
  </ItemGroup>
  <ItemGroup>
    <ClCompile Include="WebViewBrowserApp.cpp">
      <Filter>Source Files</Filter>
    </ClCompile>
    <ClCompile Include="BrowserWindow.cpp">
      <Filter>Source Files</Filter>
    </ClCompile>
    <ClCompile Include="Tab.cpp">
      <Filter>Source Files</Filter>
    </ClCompile>
  </ItemGroup>
  <ItemGroup>
    <ResourceCompile Include="WebViewBrowserApp.rc">
      <Filter>Resource Files</Filter>
    </ResourceCompile>
  </ItemGroup>
  <ItemGroup>
    <Image Include="small.ico">
      <Filter>Resource Files</Filter>
    </Image>
    <Image Include="WebViewBrowserApp.ico">
      <Filter>Resource Files</Filter>
    </Image>
  </ItemGroup>
  <ItemGroup>
    <None Include="ui_bar.html" />
    <None Include="packages.config" />
    <None Include="wvbrowser_ui\commands.js">
      <Filter>UI</Filter>
    </None>
    <None Include="wvbrowser_ui\webview2_emu.js">
      <Filter>UI</Filter>
    </None>
    <None Include="wvbrowser_ui\controls_ui\address-bar.css">
      <Filter>UI\controls_ui</Filter>
    </None>
    <None Include="wvbrowser_ui\controls_ui\controls.css">
      <Filter>UI\controls_ui</Filter>
    </None>
    <None Include="wvbrowser_ui\controls_ui\default.css">
      <Filter>UI\controls_ui</Filter>
    </None>
    <None Include="wvbrowser_ui\controls_ui\default.html">
      <Filter>UI\controls_ui</Filter>
    </None>
    <None Include="wvbrowser_ui\controls_ui\default.js">
      <Filter>UI\controls_ui</Filter>
    </None>
    <None Include="wvbrowser_ui\controls_ui\favorites.js">
      <Filter>UI\controls_ui</Filter>
    </None>
    <None Include="wvbrowser_ui\controls_ui\history.js">
      <Filter>UI\controls_ui</Filter>
    </None>
    <None Include="wvbrowser_ui\controls_ui\options.css">
      <Filter>UI\controls_ui</Filter>
    </None>
    <None Include="wvbrowser_ui\controls_ui\options.html">
      <Filter>UI\controls_ui</Filter>
    </None>
    <None Include="wvbrowser_ui\controls_ui\options.js">
      <Filter>UI\controls_ui</Filter>
    </None>
    <None Include="wvbrowser_ui\controls_ui\storage.js">
      <Filter>UI\controls_ui</Filter>
    </None>
    <None Include="wvbrowser_ui\controls_ui\strip.css">
      <Filter>UI\controls_ui</Filter>
    </None>
    <None Include="wvbrowser_ui\controls_ui\styles.css">
      <Filter>UI\controls_ui</Filter>
    </None>
    <None Include="wvbrowser_ui\controls_ui\tabs.js">
      <Filter>UI\controls_ui</Filter>
    </None>
    <None Include="wvbrowser_ui\content_ui\favorites.html">
      <Filter>UI\content_ui</Filter>
    </None>
    <None Include="wvbrowser_ui\content_ui\favorites.js">
      <Filter>UI\content_ui</Filter>
    </None>
    <None Include="wvbrowser_ui\content_ui\history.css">
      <Filter>UI\content_ui</Filter>
    </None>
    <None Include="wvbrowser_ui\content_ui\history.html">
      <Filter>UI\content_ui</Filter>
    </None>
    <None Include="wvbrowser_ui\content_ui\history.js">
      <Filter>UI\content_ui</Filter>
    </None>
    <None Include="wvbrowser_ui\content_ui\items.css">
      <Filter>UI\content_ui</Filter>
    </None>
    <None Include="wvbrowser_ui\content_ui\settings.css">
      <Filter>UI\content_ui</Filter>
    </None>
    <None Include="wvbrowser_ui\content_ui\settings.html">
      <Filter>UI\content_ui</Filter>
    </None>
    <None Include="wvbrowser_ui\content_ui\settings.js">
      <Filter>UI\content_ui</Filter>
    </None>
    <None Include="wvbrowser_ui\content_ui\styles.css">
      <Filter>UI\content_ui</Filter>
    </None>
  </ItemGroup>
</Project>